
Microsoft Visual Studio Solution File, Format Version 12.00
# Visual Studio Version 16
VisualStudioVersion = 16.0.31105.61
MinimumVisualStudioVersion = 10.0.40219.1
Project("{FAE04EC0-301F-11D3-BF4B-00C04F79EFBC}") = "Challenge", "Challenge\Challenge.csproj", "{6A38CAB7-D1C9-4D6A-A6BE-11FA287AEC7B}"
EndProject
Global
	GlobalSection(SolutionConfigurationPlatforms) = preSolution
		Debug|Any CPU = Debug|Any CPU
		Release|Any CPU = Release|Any CPU
	EndGlobalSection
	GlobalSection(ProjectConfigurationPlatforms) = postSolution
		{6A38CAB7-D1C9-4D6A-A6BE-11FA287AEC7B}.Debug|Any CPU.ActiveCfg = Debug|Any CPU
		{6A38CAB7-D1C9-4D6A-A6BE-11FA287AEC7B}.Debug|Any CPU.Build.0 = Debug|Any CPU
		{6A38CAB7-D1C9-4D6A-A6BE-11FA287AEC7B}.Release|Any CPU.ActiveCfg = Release|Any CPU
		{6A38CAB7-D1C9-4D6A-A6BE-11FA287AEC7B}.Release|Any CPU.Build.0 = Release|Any CPU
	EndGlobalSection
	GlobalSection(SolutionProperties) = preSolution
		HideSolutionNode = FALSE
	EndGlobalSection
	GlobalSection(ExtensibilityGlobals) = postSolution
		SolutionGuid = {01DFA670-B646-4DFD-938B-4B0E65DF521B}
	EndGlobalSection
EndGlobal
